// !$*UTF8*$!
{
	archiveVersion = 1;
	classes = {
	};
	objectVersion = 51;
	objects = {

/* Begin PBXBuildFile section */
		13D33F5D6EC473B580DF9B81 /* Pods_WeatherForecastRx.framework in Frameworks */ = {isa = PBXBuildFile; fileRef = BB9708E1C6B25D025B2104D0 /* Pods_WeatherForecastRx.framework */; };
		52C2ADC323295A560056EE86 /* AppDelegate.swift in Sources */ = {isa = PBXBuildFile; fileRef = 52C2ADC223295A560056EE86 /* AppDelegate.swift */; };
		52C2ADC523295A560056EE86 /* CityViewController.swift in Sources */ = {isa = PBXBuildFile; fileRef = 52C2ADC423295A560056EE86 /* CityViewController.swift */; };
		52C2ADC823295A560056EE86 /* Main.storyboard in Resources */ = {isa = PBXBuildFile; fileRef = 52C2ADC623295A560056EE86 /* Main.storyboard */; };
		52C2ADCA23295A5B0056EE86 /* Assets.xcassets in Resources */ = {isa = PBXBuildFile; fileRef = 52C2ADC923295A5B0056EE86 /* Assets.xcassets */; };
		52C2ADCD23295A5B0056EE86 /* LaunchScreen.storyboard in Resources */ = {isa = PBXBuildFile; fileRef = 52C2ADCB23295A5B0056EE86 /* LaunchScreen.storyboard */; };
		52C2ADD523295C580056EE86 /* WeatherViewModel.swift in Sources */ = {isa = PBXBuildFile; fileRef = 52C2ADD423295C580056EE86 /* WeatherViewModel.swift */; };
		52C2ADD723295C610056EE86 /* WeatherModel.swift in Sources */ = {isa = PBXBuildFile; fileRef = 52C2ADD623295C610056EE86 /* WeatherModel.swift */; };
		52C2ADD92329F47E0056EE86 /* ForecastCollectionViewCell.swift in Sources */ = {isa = PBXBuildFile; fileRef = 52C2ADD82329F47E0056EE86 /* ForecastCollectionViewCell.swift */; };
		52C2ADDB232A08540056EE86 /* MainViewController.swift in Sources */ = {isa = PBXBuildFile; fileRef = 52C2ADDA232A08540056EE86 /* MainViewController.swift */; };
		52C2ADDF232A09420056EE86 /* MainTableViewCell.swift in Sources */ = {isa = PBXBuildFile; fileRef = 52C2ADDE232A09420056EE86 /* MainTableViewCell.swift */; };
/* End PBXBuildFile section */

/* Begin PBXFileReference section */
		52C2ADBF23295A560056EE86 /* WeatherForecastRx.app */ = {isa = PBXFileReference; explicitFileType = wrapper.application; includeInIndex = 0; path = WeatherForecastRx.app; sourceTree = BUILT_PRODUCTS_DIR; };
		52C2ADC223295A560056EE86 /* AppDelegate.swift */ = {isa = PBXFileReference; lastKnownFileType = sourcecode.swift; path = AppDelegate.swift; sourceTree = "<group>"; };
		52C2ADC423295A560056EE86 /* CityViewController.swift */ = {isa = PBXFileReference; lastKnownFileType = sourcecode.swift; path = CityViewController.swift; sourceTree = "<group>"; };
		52C2ADC723295A560056EE86 /* Base */ = {isa = PBXFileReference; lastKnownFileType = file.storyboard; name = Base; path = Base.lproj/Main.storyboard; sourceTree = "<group>"; };
		52C2ADC923295A5B0056EE86 /* Assets.xcassets */ = {isa = PBXFileReference; lastKnownFileType = folder.assetcatalog; path = Assets.xcassets; sourceTree = "<group>"; };
		52C2ADCC23295A5B0056EE86 /* Base */ = {isa = PBXFileReference; lastKnownFileType = file.storyboard; name = Base; path = Base.lproj/LaunchScreen.storyboard; sourceTree = "<group>"; };
		52C2ADCE23295A5B0056EE86 /* Info.plist */ = {isa = PBXFileReference; lastKnownFileType = text.plist.xml; path = Info.plist; sourceTree = "<group>"; };
		52C2ADD423295C580056EE86 /* WeatherViewModel.swift */ = {isa = PBXFileReference; lastKnownFileType = sourcecode.swift; path = WeatherViewModel.swift; sourceTree = "<group>"; };
		52C2ADD623295C610056EE86 /* WeatherModel.swift */ = {isa = PBXFileReference; lastKnownFileType = sourcecode.swift; path = WeatherModel.swift; sourceTree = "<group>"; };
		52C2ADD82329F47E0056EE86 /* ForecastCollectionViewCell.swift */ = {isa = PBXFileReference; lastKnownFileType = sourcecode.swift; path = ForecastCollectionViewCell.swift; sourceTree = "<group>"; };
		52C2ADDA232A08540056EE86 /* MainViewController.swift */ = {isa = PBXFileReference; lastKnownFileType = sourcecode.swift; path = MainViewController.swift; sourceTree = "<group>"; };
		52C2ADDE232A09420056EE86 /* MainTableViewCell.swift */ = {isa = PBXFileReference; lastKnownFileType = sourcecode.swift; path = MainTableViewCell.swift; sourceTree = "<group>"; };
		6E9042AA99F2BFB3C64818B3 /* Pods-WeatherForecastRx.release.xcconfig */ = {isa = PBXFileReference; includeInIndex = 1; lastKnownFileType = text.xcconfig; name = "Pods-WeatherForecastRx.release.xcconfig"; path = "Target Support Files/Pods-WeatherForecastRx/Pods-WeatherForecastRx.release.xcconfig"; sourceTree = "<group>"; };
		BB9708E1C6B25D025B2104D0 /* Pods_WeatherForecastRx.framework */ = {isa = PBXFileReference; explicitFileType = wrapper.framework; includeInIndex = 0; path = Pods_WeatherForecastRx.framework; sourceTree = BUILT_PRODUCTS_DIR; };
		DB4BC1450946682323F490E4 /* Pods-WeatherForecastRx.debug.xcconfig */ = {isa = PBXFileReference; includeInIndex = 1; lastKnownFileType = text.xcconfig; name = "Pods-WeatherForecastRx.debug.xcconfig"; path = "Target Support Files/Pods-WeatherForecastRx/Pods-WeatherForecastRx.debug.xcconfig"; sourceTree = "<group>"; };
/* End PBXFileReference section */

/* Begin PBXFrameworksBuildPhase section */
		52C2ADBC23295A560056EE86 /* Frameworks */ = {
			isa = PBXFrameworksBuildPhase;
			buildActionMask = 2147483647;
			files = (
				13D33F5D6EC473B580DF9B81 /* Pods_WeatherForecastRx.framework in Frameworks */,
			);
			runOnlyForDeploymentPostprocessing = 0;
		};
/* End PBXFrameworksBuildPhase section */

/* Begin PBXGroup section */
		02970E6E73FBAE3827118EBD /* Pods */ = {
			isa = PBXGroup;
			children = (
				DB4BC1450946682323F490E4 /* Pods-WeatherForecastRx.debug.xcconfig */,
				6E9042AA99F2BFB3C64818B3 /* Pods-WeatherForecastRx.release.xcconfig */,
			);
			path = Pods;
			sourceTree = "<group>";
		};
		1F3D237412F985D9CD594325 /* Frameworks */ = {
			isa = PBXGroup;
			children = (
				BB9708E1C6B25D025B2104D0 /* Pods_WeatherForecastRx.framework */,
			);
			name = Frameworks;
			sourceTree = "<group>";
		};
		52C2ADB623295A560056EE86 = {
			isa = PBXGroup;
			children = (
				52C2ADC123295A560056EE86 /* WeatherForecastRx */,
				52C2ADC023295A560056EE86 /* Products */,
				02970E6E73FBAE3827118EBD /* Pods */,
				1F3D237412F985D9CD594325 /* Frameworks */,
			);
			sourceTree = "<group>";
		};
		52C2ADC023295A560056EE86 /* Products */ = {
			isa = PBXGroup;
			children = (
				52C2ADBF23295A560056EE86 /* WeatherForecastRx.app */,
			);
			name = Products;
			sourceTree = "<group>";
		};
		52C2ADC123295A560056EE86 /* WeatherForecastRx */ = {
			isa = PBXGroup;
			children = (
				52C2ADE1232A096D0056EE86 /* Model */,
				52C2ADE0232A095F0056EE86 /* VModel */,
				52C2ADDD232A091B0056EE86 /* VC */,
				52C2ADDC232A09130056EE86 /* Cells */,
				52C2ADC223295A560056EE86 /* AppDelegate.swift */,
				52C2ADC923295A5B0056EE86 /* Assets.xcassets */,
				52C2ADC623295A560056EE86 /* Main.storyboard */,
				52C2ADCB23295A5B0056EE86 /* LaunchScreen.storyboard */,
				52C2ADCE23295A5B0056EE86 /* Info.plist */,
			);
			path = WeatherForecastRx;
			sourceTree = "<group>";
		};
		52C2ADDC232A09130056EE86 /* Cells */ = {
			isa = PBXGroup;
			children = (
				52C2ADD82329F47E0056EE86 /* ForecastCollectionViewCell.swift */,
				52C2ADDE232A09420056EE86 /* MainTableViewCell.swift */,
			);
			path = Cells;
			sourceTree = "<group>";
		};
		52C2ADDD232A091B0056EE86 /* VC */ = {
			isa = PBXGroup;
			children = (
				52C2ADC423295A560056EE86 /* CityViewController.swift */,
				52C2ADDA232A08540056EE86 /* MainViewController.swift */,
			);
			path = VC;
			sourceTree = "<group>";
		};
		52C2ADE0232A095F0056EE86 /* VModel */ = {
			isa = PBXGroup;
			children = (
				52C2ADD423295C580056EE86 /* WeatherViewModel.swift */,
			);
			path = VModel;
			sourceTree = "<group>";
		};
		52C2ADE1232A096D0056EE86 /* Model */ = {
			isa = PBXGroup;
			children = (
				52C2ADD623295C610056EE86 /* WeatherModel.swift */,
			);
			path = Model;
			sourceTree = "<group>";
		};
/* End PBXGroup section */

/* Begin PBXNativeTarget section */
		52C2ADBE23295A560056EE86 /* WeatherForecastRx */ = {
			isa = PBXNativeTarget;
			buildConfigurationList = 52C2ADD123295A5B0056EE86 /* Build configuration list for PBXNativeTarget "WeatherForecastRx" */;
			buildPhases = (
				50B7275C3919ABFBF7EEC98F /* [CP] Check Pods Manifest.lock */,
				52C2ADBB23295A560056EE86 /* Sources */,
				52C2ADBC23295A560056EE86 /* Frameworks */,
				52C2ADBD23295A560056EE86 /* Resources */,
				94B6656CC548EC315EE4A712 /* [CP] Embed Pods Frameworks */,
				F4015DC6428E0DB3F8435ECB /* [CP] Copy Pods Resources */,
			);
			buildRules = (
			);
			dependencies = (
			);
			name = WeatherForecastRx;
			productName = WeatherForecastRx;
			productReference = 52C2ADBF23295A560056EE86 /* WeatherForecastRx.app */;
			productType = "com.apple.product-type.application";
		};
/* End PBXNativeTarget section */

/* Begin PBXProject section */
		52C2ADB723295A560056EE86 /* Project object */ = {
			isa = PBXProject;
			attributes = {
				LastSwiftUpdateCheck = 1030;
				LastUpgradeCheck = 1030;
				ORGANIZATIONNAME = "愤怒大葱鸭";
				TargetAttributes = {
					52C2ADBE23295A560056EE86 = {
						CreatedOnToolsVersion = 10.3;
					};
				};
			};
			buildConfigurationList = 52C2ADBA23295A560056EE86 /* Build configuration list for PBXProject "WeatherForecastRx" */;
			compatibilityVersion = "Xcode 9.3";
			developmentRegion = en;
			hasScannedForEncodings = 0;
			knownRegions = (
				en,
				Base,
			);
			mainGroup = 52C2ADB623295A560056EE86;
			productRefGroup = 52C2ADC023295A560056EE86 /* Products */;
			projectDirPath = "";
			projectRoot = "";
			targets = (
				52C2ADBE23295A560056EE86 /* WeatherForecastRx */,
			);
		};
/* End PBXProject section */

/* Begin PBXResourcesBuildPhase section */
		52C2ADBD23295A560056EE86 /* Resources */ = {
			isa = PBXResourcesBuildPhase;
			buildActionMask = 2147483647;
			files = (
				52C2ADCD23295A5B0056EE86 /* LaunchScreen.storyboard in Resources */,
				52C2ADCA23295A5B0056EE86 /* Assets.xcassets in Resources */,
				52C2ADC823295A560056EE86 /* Main.storyboard in Resources */,
			);
			runOnlyForDeploymentPostprocessing = 0;
		};
/* End PBXResourcesBuildPhase section */

/* Begin PBXShellScriptBuildPhase section */
		50B7275C3919ABFBF7EEC98F /* [CP] Check Pods Manifest.lock */ = {
			isa = PBXShellScriptBuildPhase;
			buildActionMask = 2147483647;
			files = (
			);
			inputFileListPaths = (
			);
			inputPaths = (
				"${PODS_PODFILE_DIR_PATH}/Podfile.lock",
				"${PODS_ROOT}/Manifest.lock",
			);
			name = "[CP] Check Pods Manifest.lock";
			outputFileListPaths = (
			);
			outputPaths = (
				"$(DERIVED_FILE_DIR)/Pods-WeatherForecastRx-checkManifestLockResult.txt",
			);
			runOnlyForDeploymentPostprocessing = 0;
			shellPath = /bin/sh;
			shellScript = "diff \"${PODS_PODFILE_DIR_PATH}/Podfile.lock\" \"${PODS_ROOT}/Manifest.lock\" > /dev/null\nif [ $? != 0 ] ; then\n    # print error to STDERR\n    echo \"error: The sandbox is not in sync with the Podfile.lock. Run 'pod install' or update your CocoaPods installation.\" >&2\n    exit 1\nfi\n# This output is used by Xcode 'outputs' to avoid re-running this script phase.\necho \"SUCCESS\" > \"${SCRIPT_OUTPUT_FILE_0}\"\n";
			showEnvVarsInLog = 0;
		};
		94B6656CC548EC315EE4A712 /* [CP] Embed Pods Frameworks */ = {
			isa = PBXShellScriptBuildPhase;
			buildActionMask = 2147483647;
			files = (
			);
			inputFileListPaths = (
				"${PODS_ROOT}/Target Support Files/Pods-WeatherForecastRx/Pods-WeatherForecastRx-frameworks-${CONFIGURATION}-input-files.xcfilelist",
			);
			name = "[CP] Embed Pods Frameworks";
			outputFileListPaths = (
				"${PODS_ROOT}/Target Support Files/Pods-WeatherForecastRx/Pods-WeatherForecastRx-frameworks-${CONFIGURATION}-output-files.xcfilelist",
			);
			runOnlyForDeploymentPostprocessing = 0;
			shellPath = /bin/sh;
			shellScript = "\"${PODS_ROOT}/Target Support Files/Pods-WeatherForecastRx/Pods-WeatherForecastRx-frameworks.sh\"\n";
			showEnvVarsInLog = 0;
		};
		F4015DC6428E0DB3F8435ECB /* [CP] Copy Pods Resources */ = {
			isa = PBXShellScriptBuildPhase;
			buildActionMask = 2147483647;
			files = (
			);
			inputFileListPaths = (
				"${PODS_ROOT}/Target Support Files/Pods-WeatherForecastRx/Pods-WeatherForecastRx-resources-${CONFIGURATION}-input-files.xcfilelist",
			);
			name = "[CP] Copy Pods Resources";
			outputFileListPaths = (
				"${PODS_ROOT}/Target Support Files/Pods-WeatherForecastRx/Pods-WeatherForecastRx-resources-${CONFIGURATION}-output-files.xcfilelist",
			);
			runOnlyForDeploymentPostprocessing = 0;
			shellPath = /bin/sh;
			shellScript = "\"${PODS_ROOT}/Target Support Files/Pods-WeatherForecastRx/Pods-WeatherForecastRx-resources.sh\"\n";
			showEnvVarsInLog = 0;
		};
/* End PBXShellScriptBuildPhase section */

/* Begin PBXSourcesBuildPhase section */
		52C2ADBB23295A560056EE86 /* Sources */ = {
			isa = PBXSourcesBuildPhase;
			buildActionMask = 2147483647;
			files = (
				52C2ADC523295A560056EE86 /* CityViewController.swift in Sources */,
				52C2ADD523295C580056EE86 /* WeatherViewModel.swift in Sources */,
				52C2ADD723295C610056EE86 /* WeatherModel.swift in Sources */,
				52C2ADDF232A09420056EE86 /* MainTableViewCell.swift in Sources */,
				52C2ADD92329F47E0056EE86 /* ForecastCollectionViewCell.swift in Sources */,
				52C2ADC323295A560056EE86 /* AppDelegate.swift in Sources */,
				52C2ADDB232A08540056EE86 /* MainViewController.swift in Sources */,
			);
			runOnlyForDeploymentPostprocessing = 0;
		};
/* End PBXSourcesBuildPhase section */

/* Begin PBXVariantGroup section */
		52C2ADC623295A560056EE86 /* Main.storyboard */ = {
			isa = PBXVariantGroup;
			children = (
				52C2ADC723295A560056EE86 /* Base */,
			);
			name = Main.storyboard;
			sourceTree = "<group>";
		};
		52C2ADCB23295A5B0056EE86 /* LaunchScreen.storyboard */ = {
			isa = PBXVariantGroup;
			children = (
				52C2ADCC23295A5B0056EE86 /* Base */,
			);
			name = LaunchScreen.storyboard;
			sourceTree = "<group>";
		};
/* End PBXVariantGroup section */

/* Begin XCBuildConfiguration section */
		52C2ADCF23295A5B0056EE86 /* Debug */ = {
			isa = XCBuildConfiguration;
			buildSettings = {
				ALWAYS_SEARCH_USER_PATHS = NO;
				CLANG_ANALYZER_NONNULL = YES;
				CLANG_ANALYZER_NUMBER_OBJECT_CONVERSION = YES_AGGRESSIVE;
				CLANG_CXX_LANGUAGE_STANDARD = "gnu++14";
				CLANG_CXX_LIBRARY = "libc++";
				CLANG_ENABLE_MODULES = YES;
				CLANG_ENABLE_OBJC_ARC = YES;
				CLANG_ENABLE_OBJC_WEAK = YES;
				CLANG_WARN_BLOCK_CAPTURE_AUTORELEASING = YES;
				CLANG_WARN_BOOL_CONVERSION = YES;
				CLANG_WARN_COMMA = YES;
				CLANG_WARN_CONSTANT_CONVERSION = YES;
				CLANG_WARN_DEPRECATED_OBJC_IMPLEMENTATIONS = YES;
				CLANG_WARN_DIRECT_OBJC_ISA_USAGE = YES_ERROR;
				CLANG_WARN_DOCUMENTATION_COMMENTS = YES;
				CLANG_WARN_EMPTY_BODY = YES;
				CLANG_WARN_ENUM_CONVERSION = YES;
				CLANG_WARN_INFINITE_RECURSION = YES;
				CLANG_WARN_INT_CONVERSION = YES;
				CLANG_WARN_NON_LITERAL_NULL_CONVERSION = YES;
				CLANG_WARN_OBJC_IMPLICIT_RETAIN_SELF = YES;
				CLANG_WARN_OBJC_LITERAL_CONVERSION = YES;
				CLANG_WARN_OBJC_ROOT_CLASS = YES_ERROR;
				CLANG_WARN_RANGE_LOOP_ANALYSIS = YES;
				CLANG_WARN_STRICT_PROTOTYPES = YES;
				CLANG_WARN_SUSPICIOUS_MOVE = YES;
				CLANG_WARN_UNGUARDED_AVAILABILITY = YES_AGGRESSIVE;
				CLANG_WARN_UNREACHABLE_CODE = YES;
				CLANG_WARN__DUPLICATE_METHOD_MATCH = YES;
				CODE_SIGN_IDENTITY = "iPhone Developer";
				COPY_PHASE_STRIP = NO;
				DEBUG_INFORMATION_FORMAT = dwarf;
				ENABLE_STRICT_OBJC_MSGSEND = YES;
				ENABLE_TESTABILITY = YES;
				GCC_C_LANGUAGE_STANDARD = gnu11;
				GCC_DYNAMIC_NO_PIC = NO;
				GCC_NO_COMMON_BLOCKS = YES;
				GCC_OPTIMIZATION_LEVEL = 0;
				GCC_PREPROCESSOR_DEFINITIONS = (
					"DEBUG=1",
					"$(inherited)",
				);
				GCC_WARN_64_TO_32_BIT_CONVERSION = YES;
				GCC_WARN_ABOUT_RETURN_TYPE = YES_ERROR;
				GCC_WARN_UNDECLARED_SELECTOR = YES;
				GCC_WARN_UNINITIALIZED_AUTOS = YES_AGGRESSIVE;
				GCC_WARN_UNUSED_FUNCTION = YES;
				GCC_WARN_UNUSED_VARIABLE = YES;
				IPHONEOS_DEPLOYMENT_TARGET = 12.4;
				MTL_ENABLE_DEBUG_INFO = INCLUDE_SOURCE;
				MTL_FAST_MATH = YES;
				ONLY_ACTIVE_ARCH = YES;
				SDKROOT = iphoneos;
				SWIFT_ACTIVE_COMPILATION_CONDITIONS = DEBUG;
				SWIFT_OPTIMIZATION_LEVEL = "-Onone";
			};
			name = Debug;
		};
		52C2ADD023295A5B0056EE86 /* Release */ = {
			isa = XCBuildConfiguration;
			buildSettings = {
				ALWAYS_SEARCH_USER_PATHS = NO;
				CLANG_ANALYZER_NONNULL = YES;
				CLANG_ANALYZER_NUMBER_OBJECT_CONVERSION = YES_AGGRESSIVE;
				CLANG_CXX_LANGUAGE_STANDARD = "gnu++14";
				CLANG_CXX_LIBRARY = "libc++";
				CLANG_ENABLE_MODULES = YES;
				CLANG_ENABLE_OBJC_ARC = YES;
				CLANG_ENABLE_OBJC_WEAK = YES;
				CLANG_WARN_BLOCK_CAPTURE_AUTORELEASING = YES;
				CLANG_WARN_BOOL_CONVERSION = YES;
				CLANG_WARN_COMMA = YES;
				CLANG_WARN_CONSTANT_CONVERSION = YES;
				CLANG_WARN_DEPRECATED_OBJC_IMPLEMENTATIONS = YES;
				CLANG_WARN_DIRECT_OBJC_ISA_USAGE = YES_ERROR;
				CLANG_WARN_DOCUMENTATION_COMMENTS = YES;
				CLANG_WARN_EMPTY_BODY = YES;
				CLANG_WARN_ENUM_CONVERSION = YES;
				CLANG_WARN_INFINITE_RECURSION = YES;
				CLANG_WARN_INT_CONVERSION = YES;
				CLANG_WARN_NON_LITERAL_NULL_CONVERSION = YES;
				CLANG_WARN_OBJC_IMPLICIT_RETAIN_SELF = YES;
				CLANG_WARN_OBJC_LITERAL_CONVERSION = YES;
				CLANG_WARN_OBJC_ROOT_CLASS = YES_ERROR;
				CLANG_WARN_RANGE_LOOP_ANALYSIS = YES;
				CLANG_WARN_STRICT_PROTOTYPES = YES;
				CLANG_WARN_SUSPICIOUS_MOVE = YES;
				CLANG_WARN_UNGUARDED_AVAILABILITY = YES_AGGRESSIVE;
				CLANG_WARN_UNREACHABLE_CODE = YES;
				CLANG_WARN__DUPLICATE_METHOD_MATCH = YES;
				CODE_SIGN_IDENTITY = "iPhone Developer";
				COPY_PHASE_STRIP = NO;
				DEBUG_INFORMATION_FORMAT = "dwarf-with-dsym";
				ENABLE_NS_ASSERTIONS = NO;
				ENABLE_STRICT_OBJC_MSGSEND = YES;
				GCC_C_LANGUAGE_STANDARD = gnu11;
				GCC_NO_COMMON_BLOCKS = YES;
				GCC_WARN_64_TO_32_BIT_CONVERSION = YES;
				GCC_WARN_ABOUT_RETURN_TYPE = YES_ERROR;
				GCC_WARN_UNDECLARED_SELECTOR = YES;
				GCC_WARN_UNINITIALIZED_AUTOS = YES_AGGRESSIVE;
				GCC_WARN_UNUSED_FUNCTION = YES;
				GCC_WARN_UNUSED_VARIABLE = YES;
				IPHONEOS_DEPLOYMENT_TARGET = 12.4;
				MTL_ENABLE_DEBUG_INFO = NO;
				MTL_FAST_MATH = YES;
				SDKROOT = iphoneos;
				SWIFT_COMPILATION_MODE = wholemodule;
				SWIFT_OPTIMIZATION_LEVEL = "-O";
				VALIDATE_PRODUCT = YES;
			};
			name = Release;
		};
		52C2ADD223295A5B0056EE86 /* Debug */ = {
			isa = XCBuildConfiguration;
			baseConfigurationReference = DB4BC1450946682323F490E4 /* Pods-WeatherForecastRx.debug.xcconfig */;
			buildSettings = {
				ASSETCATALOG_COMPILER_APPICON_NAME = AppIcon;
				CODE_SIGN_STYLE = Automatic;
				INFOPLIST_FILE = WeatherForecastRx/Info.plist;
				LD_RUNPATH_SEARCH_PATHS = (
					"$(inherited)",
					"@executable_path/Frameworks",
				);
				PRODUCT_BUNDLE_IDENTIFIER = Cong.WeatherForecastRx;
				PRODUCT_NAME = "$(TARGET_NAME)";
				SWIFT_VERSION = 5.0;
				TARGETED_DEVICE_FAMILY = "1,2";
			};
			name = Debug;
		};
		52C2ADD323295A5B0056EE86 /* Release */ = {
			isa = XCBuildConfiguration;
			baseConfigurationReference = 6E9042AA99F2BFB3C64818B3 /* Pods-WeatherForecastRx.release.xcconfig */;
			buildSettings = {
				ASSETCATALOG_COMPILER_APPICON_NAME = AppIcon;
				CODE_SIGN_STYLE = Automatic;
				INFOPLIST_FILE = WeatherForecastRx/Info.plist;
				LD_RUNPATH_SEARCH_PATHS = (
					"$(inherited)",
					"@executable_path/Frameworks",
				);
				PRODUCT_BUNDLE_IDENTIFIER = Cong.WeatherForecastRx;
				PRODUCT_NAME = "$(TARGET_NAME)";
				SWIFT_VERSION = 5.0;
				TARGETED_DEVICE_FAMILY = "1,2";
			};
			name = Release;
		};
/* End XCBuildConfiguration section */

/* Begin XCConfigurationList section */
		52C2ADBA23295A560056EE86 /* Build configuration list for PBXProject "WeatherForecastRx" */ = {
			isa = XCConfigurationList;
			buildConfigurations = (
				52C2ADCF23295A5B0056EE86 /* Debug */,
				52C2ADD023295A5B0056EE86 /* Release */,
			);
			defaultConfigurationIsVisible = 0;
			defaultConfigurationName = Release;
		};
		52C2ADD123295A5B0056EE86 /* Build configuration list for PBXNativeTarget "WeatherForecastRx" */ = {
			isa = XCConfigurationList;
			buildConfigurations = (
				52C2ADD223295A5B0056EE86 /* Debug */,
				52C2ADD323295A5B0056EE86 /* Release */,
			);
			defaultConfigurationIsVisible = 0;
			defaultConfigurationName = Release;
		};
/* End XCConfigurationList section */
	};
	rootObject = 52C2ADB723295A560056EE86 /* Project object */;
}
